
Microsoft Visual Studio Solution File, Format Version 12.00
# Visual Studio Version 17
VisualStudioVersion = 17.4.33110.190
MinimumVisualStudioVersion = 10.0.40219.1
Project("{FAE04EC0-301F-11D3-BF4B-00C04F79EFBC}") = "Array5", "Array5\Array5.csproj", "{EE174A7F-252C-4E98-9B15-14E231ADA6E4}"
EndProject
Global
	GlobalSection(SolutionConfigurationPlatforms) = preSolution
		Debug|Any CPU = Debug|Any CPU
		Release|Any CPU = Release|Any CPU
	EndGlobalSection
	GlobalSection(ProjectConfigurationPlatforms) = postSolution
		{EE174A7F-252C-4E98-9B15-14E231ADA6E4}.Debug|Any CPU.ActiveCfg = Debug|Any CPU
		{EE174A7F-252C-4E98-9B15-14E231ADA6E4}.Debug|Any CPU.Build.0 = Debug|Any CPU
		{EE174A7F-252C-4E98-9B15-14E231ADA6E4}.Release|Any CPU.ActiveCfg = Release|Any CPU
		{EE174A7F-252C-4E98-9B15-14E231ADA6E4}.Release|Any CPU.Build.0 = Release|Any CPU
	EndGlobalSection
	GlobalSection(SolutionProperties) = preSolution
		HideSolutionNode = FALSE
	EndGlobalSection
	GlobalSection(ExtensibilityGlobals) = postSolution
		SolutionGuid = {7A2605CA-0057-4816-9B4D-27372206B70D}
	EndGlobalSection
EndGlobal
