
Microsoft Visual Studio Solution File, Format Version 12.00
# Visual Studio Version 17
VisualStudioVersion = 17.4.33110.190
MinimumVisualStudioVersion = 10.0.40219.1
Project("{FAE04EC0-301F-11D3-BF4B-00C04F79EFBC}") = "Switch2", "Switch2\Switch2.csproj", "{56022642-68B3-472C-82D3-038921A8F52F}"
EndProject
Global
	GlobalSection(SolutionConfigurationPlatforms) = preSolution
		Debug|Any CPU = Debug|Any CPU
		Release|Any CPU = Release|Any CPU
	EndGlobalSection
	GlobalSection(ProjectConfigurationPlatforms) = postSolution
		{56022642-68B3-472C-82D3-038921A8F52F}.Debug|Any CPU.ActiveCfg = Debug|Any CPU
		{56022642-68B3-472C-82D3-038921A8F52F}.Debug|Any CPU.Build.0 = Debug|Any CPU
		{56022642-68B3-472C-82D3-038921A8F52F}.Release|Any CPU.ActiveCfg = Release|Any CPU
		{56022642-68B3-472C-82D3-038921A8F52F}.Release|Any CPU.Build.0 = Release|Any CPU
	EndGlobalSection
	GlobalSection(SolutionProperties) = preSolution
		HideSolutionNode = FALSE
	EndGlobalSection
	GlobalSection(ExtensibilityGlobals) = postSolution
		SolutionGuid = {9BA1DCF9-16EE-4A64-9B96-B6C7FFC49C8C}
	EndGlobalSection
EndGlobal
