
Microsoft Visual Studio Solution File, Format Version 12.00
# Visual Studio Version 17
VisualStudioVersion = 17.4.33110.190
MinimumVisualStudioVersion = 10.0.40219.1
Project("{FAE04EC0-301F-11D3-BF4B-00C04F79EFBC}") = "While1", "While1\While1.csproj", "{2F227218-177C-4E36-8EE2-1699C86F04CE}"
EndProject
Global
	GlobalSection(SolutionConfigurationPlatforms) = preSolution
		Debug|Any CPU = Debug|Any CPU
		Release|Any CPU = Release|Any CPU
	EndGlobalSection
	GlobalSection(ProjectConfigurationPlatforms) = postSolution
		{2F227218-177C-4E36-8EE2-1699C86F04CE}.Debug|Any CPU.ActiveCfg = Debug|Any CPU
		{2F227218-177C-4E36-8EE2-1699C86F04CE}.Debug|Any CPU.Build.0 = Debug|Any CPU
		{2F227218-177C-4E36-8EE2-1699C86F04CE}.Release|Any CPU.ActiveCfg = Release|Any CPU
		{2F227218-177C-4E36-8EE2-1699C86F04CE}.Release|Any CPU.Build.0 = Release|Any CPU
	EndGlobalSection
	GlobalSection(SolutionProperties) = preSolution
		HideSolutionNode = FALSE
	EndGlobalSection
	GlobalSection(ExtensibilityGlobals) = postSolution
		SolutionGuid = {5009AD20-CBD8-4E87-9E21-1248D7F58C1B}
	EndGlobalSection
EndGlobal
