
Microsoft Visual Studio Solution File, Format Version 12.00
# Visual Studio Version 17
VisualStudioVersion = 17.4.33110.190
MinimumVisualStudioVersion = 10.0.40219.1
Project("{FAE04EC0-301F-11D3-BF4B-00C04F79EFBC}") = "TemperatuurCelsius", "TemperatuurCelsius\TemperatuurCelsius.csproj", "{857FDAA5-BC28-465B-BE68-BA92382F105A}"
EndProject
Global
	GlobalSection(SolutionConfigurationPlatforms) = preSolution
		Debug|Any CPU = Debug|Any CPU
		Release|Any CPU = Release|Any CPU
	EndGlobalSection
	GlobalSection(ProjectConfigurationPlatforms) = postSolution
		{857FDAA5-BC28-465B-BE68-BA92382F105A}.Debug|Any CPU.ActiveCfg = Debug|Any CPU
		{857FDAA5-BC28-465B-BE68-BA92382F105A}.Debug|Any CPU.Build.0 = Debug|Any CPU
		{857FDAA5-BC28-465B-BE68-BA92382F105A}.Release|Any CPU.ActiveCfg = Release|Any CPU
		{857FDAA5-BC28-465B-BE68-BA92382F105A}.Release|Any CPU.Build.0 = Release|Any CPU
	EndGlobalSection
	GlobalSection(SolutionProperties) = preSolution
		HideSolutionNode = FALSE
	EndGlobalSection
	GlobalSection(ExtensibilityGlobals) = postSolution
		SolutionGuid = {8E155B84-7557-48D1-B3C1-83E6C50FC6A4}
	EndGlobalSection
EndGlobal
