
Microsoft Visual Studio Solution File, Format Version 12.00
# Visual Studio Version 17
VisualStudioVersion = 17.4.33110.190
MinimumVisualStudioVersion = 10.0.40219.1
Project("{FAE04EC0-301F-11D3-BF4B-00C04F79EFBC}") = "09.02.2023 MethodCallForLoop", "09.02.2023 MethodCallForLoop\09.02.2023 MethodCallForLoop.csproj", "{9F5488EA-5046-4F16-951C-1DA860CD43C5}"
EndProject
Global
	GlobalSection(SolutionConfigurationPlatforms) = preSolution
		Debug|Any CPU = Debug|Any CPU
		Release|Any CPU = Release|Any CPU
	EndGlobalSection
	GlobalSection(ProjectConfigurationPlatforms) = postSolution
		{9F5488EA-5046-4F16-951C-1DA860CD43C5}.Debug|Any CPU.ActiveCfg = Debug|Any CPU
		{9F5488EA-5046-4F16-951C-1DA860CD43C5}.Debug|Any CPU.Build.0 = Debug|Any CPU
		{9F5488EA-5046-4F16-951C-1DA860CD43C5}.Release|Any CPU.ActiveCfg = Release|Any CPU
		{9F5488EA-5046-4F16-951C-1DA860CD43C5}.Release|Any CPU.Build.0 = Release|Any CPU
	EndGlobalSection
	GlobalSection(SolutionProperties) = preSolution
		HideSolutionNode = FALSE
	EndGlobalSection
	GlobalSection(ExtensibilityGlobals) = postSolution
		SolutionGuid = {41210B99-ABBF-4636-9EB8-6ACB2985FE49}
	EndGlobalSection
EndGlobal
