
Microsoft Visual Studio Solution File, Format Version 12.00
# Visual Studio Version 17
VisualStudioVersion = 17.4.33110.190
MinimumVisualStudioVersion = 10.0.40219.1
Project("{FAE04EC0-301F-11D3-BF4B-00C04F79EFBC}") = "MethodCall", "MethodCall\MethodCall.csproj", "{EE7574F4-03C3-41E0-B083-A87A3ECBEE2E}"
EndProject
Global
	GlobalSection(SolutionConfigurationPlatforms) = preSolution
		Debug|Any CPU = Debug|Any CPU
		Release|Any CPU = Release|Any CPU
	EndGlobalSection
	GlobalSection(ProjectConfigurationPlatforms) = postSolution
		{EE7574F4-03C3-41E0-B083-A87A3ECBEE2E}.Debug|Any CPU.ActiveCfg = Debug|Any CPU
		{EE7574F4-03C3-41E0-B083-A87A3ECBEE2E}.Debug|Any CPU.Build.0 = Debug|Any CPU
		{EE7574F4-03C3-41E0-B083-A87A3ECBEE2E}.Release|Any CPU.ActiveCfg = Release|Any CPU
		{EE7574F4-03C3-41E0-B083-A87A3ECBEE2E}.Release|Any CPU.Build.0 = Release|Any CPU
	EndGlobalSection
	GlobalSection(SolutionProperties) = preSolution
		HideSolutionNode = FALSE
	EndGlobalSection
	GlobalSection(ExtensibilityGlobals) = postSolution
		SolutionGuid = {75385CA9-0AAF-4449-89C2-6717E792B4C1}
	EndGlobalSection
EndGlobal
